
Microsoft Visual Studio Solution File, Format Version 12.00
# Visual Studio 15
VisualStudioVersion = 15.0.27130.2036
MinimumVisualStudioVersion = 10.0.40219.1
Project("{FAE04EC0-301F-11D3-BF4B-00C04F79EFBC}") = "MazePath", "MazePath\MazePath.csproj", "{CD94E7AD-BF3E-4712-A816-61E46ABAD44E}"
EndProject
Project("{FAE04EC0-301F-11D3-BF4B-00C04F79EFBC}") = "MazePath.Business", "MazePath.Business\MazePath.Business.csproj", "{EA64075D-BD2F-4FE2-8BF5-48DBF4BD4290}"
EndProject
Global
	GlobalSection(SolutionConfigurationPlatforms) = preSolution
		Debug|Any CPU = Debug|Any CPU
		Release|Any CPU = Release|Any CPU
	EndGlobalSection
	GlobalSection(ProjectConfigurationPlatforms) = postSolution
		{CD94E7AD-BF3E-4712-A816-61E46ABAD44E}.Debug|Any CPU.ActiveCfg = Debug|Any CPU
		{CD94E7AD-BF3E-4712-A816-61E46ABAD44E}.Debug|Any CPU.Build.0 = Debug|Any CPU
		{CD94E7AD-BF3E-4712-A816-61E46ABAD44E}.Release|Any CPU.ActiveCfg = Release|Any CPU
		{CD94E7AD-BF3E-4712-A816-61E46ABAD44E}.Release|Any CPU.Build.0 = Release|Any CPU
		{EA64075D-BD2F-4FE2-8BF5-48DBF4BD4290}.Debug|Any CPU.ActiveCfg = Debug|Any CPU
		{EA64075D-BD2F-4FE2-8BF5-48DBF4BD4290}.Debug|Any CPU.Build.0 = Debug|Any CPU
		{EA64075D-BD2F-4FE2-8BF5-48DBF4BD4290}.Release|Any CPU.ActiveCfg = Release|Any CPU
		{EA64075D-BD2F-4FE2-8BF5-48DBF4BD4290}.Release|Any CPU.Build.0 = Release|Any CPU
	EndGlobalSection
	GlobalSection(SolutionProperties) = preSolution
		HideSolutionNode = FALSE
	EndGlobalSection
	GlobalSection(ExtensibilityGlobals) = postSolution
		SolutionGuid = {8033763D-2989-471B-BB20-068539EDCADB}
	EndGlobalSection
EndGlobal
